
Microsoft Visual Studio Solution File, Format Version 12.00
# Visual Studio Version 17
VisualStudioVersion = 17.11.35312.102
MinimumVisualStudioVersion = 10.0.40219.1
Project("{FAE04EC0-301F-11D3-BF4B-00C04F79EFBC}") = "VideoUpload", "VideoUpload\VideoUpload.csproj", "{C67610F9-10C2-40C2-B514-5C37C20442BB}"
EndProject
Global
	GlobalSection(SolutionConfigurationPlatforms) = preSolution
		Debug|Any CPU = Debug|Any CPU
		Release|Any CPU = Release|Any CPU
	EndGlobalSection
	GlobalSection(ProjectConfigurationPlatforms) = postSolution
		{C67610F9-10C2-40C2-B514-5C37C20442BB}.Debug|Any CPU.ActiveCfg = Debug|Any CPU
		{C67610F9-10C2-40C2-B514-5C37C20442BB}.Debug|Any CPU.Build.0 = Debug|Any CPU
		{C67610F9-10C2-40C2-B514-5C37C20442BB}.Release|Any CPU.ActiveCfg = Release|Any CPU
		{C67610F9-10C2-40C2-B514-5C37C20442BB}.Release|Any CPU.Build.0 = Release|Any CPU
	EndGlobalSection
	GlobalSection(SolutionProperties) = preSolution
		HideSolutionNode = FALSE
	EndGlobalSection
	GlobalSection(ExtensibilityGlobals) = postSolution
		SolutionGuid = {C51E1F41-58AD-4048-B8A5-561CFD7585A2}
	EndGlobalSection
EndGlobal
